
Microsoft Visual Studio Solution File, Format Version 12.00
# Visual Studio Version 16
VisualStudioVersion = 16.0.29215.179
MinimumVisualStudioVersion = 10.0.40219.1
Project("{FAE04EC0-301F-11D3-BF4B-00C04F79EFBC}") = "Chess Test", "Chess Test\Chess Test.csproj", "{CAA91681-58E0-45CE-A907-F4396B489DC9}"
EndProject
Global
	GlobalSection(SolutionConfigurationPlatforms) = preSolution
		Debug|Any CPU = Debug|Any CPU
		Release|Any CPU = Release|Any CPU
	EndGlobalSection
	GlobalSection(ProjectConfigurationPlatforms) = postSolution
		{CAA91681-58E0-45CE-A907-F4396B489DC9}.Debug|Any CPU.ActiveCfg = Debug|Any CPU
		{CAA91681-58E0-45CE-A907-F4396B489DC9}.Debug|Any CPU.Build.0 = Debug|Any CPU
		{CAA91681-58E0-45CE-A907-F4396B489DC9}.Release|Any CPU.ActiveCfg = Release|Any CPU
		{CAA91681-58E0-45CE-A907-F4396B489DC9}.Release|Any CPU.Build.0 = Release|Any CPU
	EndGlobalSection
	GlobalSection(SolutionProperties) = preSolution
		HideSolutionNode = FALSE
	EndGlobalSection
	GlobalSection(ExtensibilityGlobals) = postSolution
		SolutionGuid = {DC0E7451-8171-4E30-A007-88D322348D7C}
	EndGlobalSection
EndGlobal
